// !$*UTF8*$!
{
	archiveVersion = 1;
	classes = {
	};
	objectVersion = 46;
	objects = {
/* Begin PBXBuildFile section */
		0D0600FD45964F5F8A837E84 /* GAPlugin.m in Sources */ = {isa = PBXBuildFile; fileRef = EC042514E46F454E9D507D49 /* GAPlugin.m */; };
		0E5ECD2D847D4CFA929519A3 /* DatePicker.m in Sources */ = {isa = PBXBuildFile; fileRef = 16929ABE900840D2A957E591 /* DatePicker.m */; };
		1D3623260D0F684500981E51 /* AppDelegate.m in Sources */ = {isa = PBXBuildFile; fileRef = 1D3623250D0F684500981E51 /* AppDelegate.m */; };
		1D60589B0D05DD56006BFB54 /* main.m in Sources */ = {isa = PBXBuildFile; fileRef = 29B97316FDCFA39411CA2CEA /* main.m */; };
		1F766FE113BBADB100FB74C0 /* Localizable.strings in Resources */ = {isa = PBXBuildFile; fileRef = 1F766FDC13BBADB100FB74C0 /* Localizable.strings */; };
		288765FD0DF74451002DB57D /* CoreGraphics.framework in Frameworks */ = {isa = PBXBuildFile; fileRef = 288765FC0DF74451002DB57D /* CoreGraphics.framework */; };
		301BF552109A68D80062928A /* libCordova.a in Frameworks */ = {isa = PBXBuildFile; fileRef = 301BF535109A57CC0062928A /* libCordova.a */; };
		302D95F114D2391D003F00A1 /* MainViewController.m in Sources */ = {isa = PBXBuildFile; fileRef = 302D95EF14D2391D003F00A1 /* MainViewController.m */; };
		302D95F214D2391D003F00A1 /* MainViewController.xib in Resources */ = {isa = PBXBuildFile; fileRef = 302D95F014D2391D003F00A1 /* MainViewController.xib */; };
		305D5FD1115AB8F900A74A75 /* MobileCoreServices.framework in Frameworks */ = {isa = PBXBuildFile; fileRef = 305D5FD0115AB8F900A74A75 /* MobileCoreServices.framework */; };
		3088BBBD154F3926009F9C59 /* Default-Landscape@2x~ipad.png in Resources */ = {isa = PBXBuildFile; fileRef = 3088BBB7154F3926009F9C59 /* Default-Landscape@2x~ipad.png */; };
		3088BBBE154F3926009F9C59 /* Default-Landscape~ipad.png in Resources */ = {isa = PBXBuildFile; fileRef = 3088BBB8154F3926009F9C59 /* Default-Landscape~ipad.png */; };
		3088BBBF154F3926009F9C59 /* Default-Portrait@2x~ipad.png in Resources */ = {isa = PBXBuildFile; fileRef = 3088BBB9154F3926009F9C59 /* Default-Portrait@2x~ipad.png */; };
		3088BBC0154F3926009F9C59 /* Default-Portrait~ipad.png in Resources */ = {isa = PBXBuildFile; fileRef = 3088BBBA154F3926009F9C59 /* Default-Portrait~ipad.png */; };
		3088BBC1154F3926009F9C59 /* Default@2x~iphone.png in Resources */ = {isa = PBXBuildFile; fileRef = 3088BBBB154F3926009F9C59 /* Default@2x~iphone.png */; };
		3088BBC2154F3926009F9C59 /* Default~iphone.png in Resources */ = {isa = PBXBuildFile; fileRef = 3088BBBC154F3926009F9C59 /* Default~iphone.png */; };
		308D05371370CCF300D202BF /* icon-72.png in Resources */ = {isa = PBXBuildFile; fileRef = 308D052E1370CCF300D202BF /* icon-72.png */; };
		308D05381370CCF300D202BF /* icon.png in Resources */ = {isa = PBXBuildFile; fileRef = 308D052F1370CCF300D202BF /* icon.png */; };
		308D05391370CCF300D202BF /* icon@2x.png in Resources */ = {isa = PBXBuildFile; fileRef = 308D05301370CCF300D202BF /* icon@2x.png */; };
		30A0434814DC770100060A13 /* Localizable.strings in Resources */ = {isa = PBXBuildFile; fileRef = 30A0434314DC770100060A13 /* Localizable.strings */; };
		30FC414916E50CA1004E6F35 /* icon-72@2x.png in Resources */ = {isa = PBXBuildFile; fileRef = 30FC414816E50CA1004E6F35 /* icon-72@2x.png */; };
		414B5DB8811E43F29DA307E0 /* CDVSplashScreen.m in Sources */ = {isa = PBXBuildFile; fileRef = 89953B17CE8E4F3788E50345 /* CDVSplashScreen.m */; };
		4243B7A67D0849D8B271A2C8 /* SystemConfiguration.framework in Frameworks */ = {isa = PBXBuildFile; fileRef = CC6DDCE2F04B42C897BDED88 /* SystemConfiguration.framework */; };
		53CAD7E8D16E497C9FDA3B56 /* CDVConnection.m in Sources */ = {isa = PBXBuildFile; fileRef = 664F623E685E419C80832695 /* CDVConnection.m */; };
		59BA650E643F460C8B95C1E6 /* Toast+UIView.m in Sources */ = {isa = PBXBuildFile; fileRef = 7975FD788EAA4F0AB91E736D /* Toast+UIView.m */; };
		5AEE5B35173C68D80009041E /* CoreLocation.framework in Frameworks */ = {isa = PBXBuildFile; fileRef = 5AEE5B34173C68D80009041E /* CoreLocation.framework */; };
		5B1594DD16A7569C00FEF299 /* AssetsLibrary.framework in Frameworks */ = {isa = PBXBuildFile; fileRef = 5B1594DC16A7569C00FEF299 /* AssetsLibrary.framework */; };
		6027ED4FF3D94EF8B6DB4C24 /* CDVNotification.bundle in Resources */ = {isa = PBXBuildFile; fileRef = E1399D1DBF794FD09892A1CD /* CDVNotification.bundle */; };
		60CE469081D6473B8F1764D8 /* AppDelegate+notification.m in Sources */ = {isa = PBXBuildFile; fileRef = A3D6D93452664A0188961E20 /* AppDelegate+notification.m */; };
		6A3DB837B51E47AFAD325D0A /* AudioToolbox.framework in Frameworks */ = {isa = PBXBuildFile; fileRef = 88460B62772F4490B1F3212F /* AudioToolbox.framework */; settings = {ATTRIBUTES = (Weak, ); }; };
		6A73B10A709F4F7484174DCF /* CDVDevice.m in Sources */ = {isa = PBXBuildFile; fileRef = FCE7C44261B4456FA23CDC7E /* CDVDevice.m */; };
		7E7966DE1810823500FA85AD /* icon-40.png in Resources */ = {isa = PBXBuildFile; fileRef = 7E7966D41810823500FA85AD /* icon-40.png */; };
		7E7966DF1810823500FA85AD /* icon-40@2x.png in Resources */ = {isa = PBXBuildFile; fileRef = 7E7966D51810823500FA85AD /* icon-40@2x.png */; };
		7E7966E01810823500FA85AD /* icon-50.png in Resources */ = {isa = PBXBuildFile; fileRef = 7E7966D61810823500FA85AD /* icon-50.png */; };
		7E7966E11810823500FA85AD /* icon-50@2x.png in Resources */ = {isa = PBXBuildFile; fileRef = 7E7966D71810823500FA85AD /* icon-50@2x.png */; };
		7E7966E21810823500FA85AD /* icon-60.png in Resources */ = {isa = PBXBuildFile; fileRef = 7E7966D81810823500FA85AD /* icon-60.png */; };
		7E7966E31810823500FA85AD /* icon-60@2x.png in Resources */ = {isa = PBXBuildFile; fileRef = 7E7966D91810823500FA85AD /* icon-60@2x.png */; };
		7E7966E41810823500FA85AD /* icon-76.png in Resources */ = {isa = PBXBuildFile; fileRef = 7E7966DA1810823500FA85AD /* icon-76.png */; };
		7E7966E51810823500FA85AD /* icon-76@2x.png in Resources */ = {isa = PBXBuildFile; fileRef = 7E7966DB1810823500FA85AD /* icon-76@2x.png */; };
		7E7966E61810823500FA85AD /* icon-small.png in Resources */ = {isa = PBXBuildFile; fileRef = 7E7966DC1810823500FA85AD /* icon-small.png */; };
		7E7966E71810823500FA85AD /* icon-small@2x.png in Resources */ = {isa = PBXBuildFile; fileRef = 7E7966DD1810823500FA85AD /* icon-small@2x.png */; };
		8C2F82CB6DF441E0B4E9D087 /* CoreData.framework in Frameworks */ = {isa = PBXBuildFile; fileRef = 4FDA8F36427040AC8D39C793 /* CoreData.framework */; };
		A5D3BCB250ED4E639DFFB114 /* PushPlugin.m in Sources */ = {isa = PBXBuildFile; fileRef = C67BFB6924474664B00691A7 /* PushPlugin.m */; };
		B0AD79FF0DAF4B4F968C8333 /* GoogleAnalytics.a in Frameworks */ = {isa = PBXBuildFile; fileRef = EDA0ED60EF8642F1A9EF4E69 /* GoogleAnalytics.a */; };
		BDA07EDFBA3543E69AFB0EE4 /* CDVReachability.m in Sources */ = {isa = PBXBuildFile; fileRef = 582257C34759467994073B55 /* CDVReachability.m */; };
		BDC18F3CB88B4E308A0676B2 /* CDVInAppBrowser.m in Sources */ = {isa = PBXBuildFile; fileRef = 7ADEE558E7154C489716F8DF /* CDVInAppBrowser.m */; };
		C58401F9AC304131A45801D8 /* Toast.m in Sources */ = {isa = PBXBuildFile; fileRef = C62D3D104CFA4EEE89F6BD40 /* Toast.m */; };
		D4A0D8761607E02300AEF8BB /* Default-568h@2x~iphone.png in Resources */ = {isa = PBXBuildFile; fileRef = D4A0D8751607E02300AEF8BB /* Default-568h@2x~iphone.png */; };
		DFB07A3481CC4A5893051D86 /* CDVNotification.m in Sources */ = {isa = PBXBuildFile; fileRef = 13475FFD051E4614B6E6574A /* CDVNotification.m */; };
		E5341CB19EDA493FAEF3949D /* DatePicker.xib in Resources */ = {isa = PBXBuildFile; fileRef = 5CDCC7DC4E4A44B2A2431B90 /* DatePicker.xib */; };
		E8401F03410646F59B3A03AA /* QuartzCore.framework in Frameworks */ = {isa = PBXBuildFile; fileRef = F185A976CAB04B4C8509B39A /* QuartzCore.framework */; };
		DD93190AB4A14CD0981BFFE9 /* FacebookSDK-3.5.2-Release.a in Frameworks */ = {isa = PBXBuildFile; fileRef = FE7C84529F3A43F1A6EC918F /* FacebookSDK-3.5.2-Release.a */; };
		DCD20E510ACF4669A4FBD98D /* FacebookSDKResources.bundle in Resources */ = {isa = PBXBuildFile; fileRef = CDA98641974347CDAF09DCC3 /* FacebookSDKResources.bundle */; };
		FE53873AB12C42E8BD71A17B /* FBUserSettingsViewResources.bundle in Resources */ = {isa = PBXBuildFile; fileRef = 39FD73DA9A1546F5AFD4F4E9 /* FBUserSettingsViewResources.bundle */; };
/* End PBXBuildFile section */

/* Begin PBXContainerItemProxy section */
		301BF534109A57CC0062928A /* PBXContainerItemProxy */ = {
			isa = PBXContainerItemProxy;
			containerPortal = 301BF52D109A57CC0062928A /* CordovaLib.xcodeproj */;
			proxyType = 2;
			remoteGlobalIDString = D2AAC07E0554694100DB518D;
			remoteInfo = CordovaLib;
		};
		301BF550109A68C00062928A /* PBXContainerItemProxy */ = {
			isa = PBXContainerItemProxy;
			containerPortal = 301BF52D109A57CC0062928A /* CordovaLib.xcodeproj */;
			proxyType = 1;
			remoteGlobalIDString = D2AAC07D0554694100DB518D;
			remoteInfo = CordovaLib;
		};
/* End PBXContainerItemProxy section */

/* Begin PBXFileReference section */
		046D1167DA1A4315BB5339E0 /* FBTestSession.h */ = {isa = PBXFileReference; fileEncoding = 4; lastKnownFileType = sourcecode.c.h; name = FBTestSession.h; path = com.phonegap.plugins.facebookconnect/facebook/FBTestSession.h; sourceTree = "<group>"; };
		0554F5CF13464132ABB1BE1F /* FBOpenGraphObject.h */ = {isa = PBXFileReference; fileEncoding = 4; lastKnownFileType = sourcecode.c.h; name = FBOpenGraphObject.h; path = com.phonegap.plugins.facebookconnect/facebook/FBOpenGraphObject.h; sourceTree = "<group>"; };
		0C3C6839158040A6B45947F9 /* GAITracker.h */ = {isa = PBXFileReference; fileEncoding = 4; lastKnownFileType = sourcecode.c.h; name = GAITracker.h; path = com.adobe.plugins.GAPlugin/GAITracker.h; sourceTree = "<group>"; };
		13475FFD051E4614B6E6574A /* CDVNotification.m */ = {isa = PBXFileReference; fileEncoding = 4; lastKnownFileType = sourcecode.c.objc; name = CDVNotification.m; path = org.apache.cordova.dialogs/CDVNotification.m; sourceTree = "<group>"; };
		16929ABE900840D2A957E591 /* DatePicker.m */ = {isa = PBXFileReference; fileEncoding = 4; lastKnownFileType = sourcecode.c.objc; name = DatePicker.m; path = com.plugin.datepicker/DatePicker.m; sourceTree = "<group>"; };
		18613A065BB844BCB78197A3 /* FacebookSDKResources.bundle */ = {isa = PBXFileReference; lastKnownFileType = "wrapper.plug-in"; path = FacebookSDKResources.bundle; sourceTree = "<group>"; };
		1D3623240D0F684500981E51 /* AppDelegate.h */ = {isa = PBXFileReference; fileEncoding = 4; lastKnownFileType = sourcecode.c.h; path = AppDelegate.h; sourceTree = "<group>"; };
		1D3623250D0F684500981E51 /* AppDelegate.m */ = {isa = PBXFileReference; fileEncoding = 4; lastKnownFileType = sourcecode.c.objc; path = AppDelegate.m; sourceTree = "<group>"; };
		1D6058910D05DD3D006BFB54 /* Ideas para hoy.app */ = {isa = PBXFileReference; explicitFileType = wrapper.application; includeInIndex = 0; path = "Ideas para hoy.app"; sourceTree = BUILT_PRODUCTS_DIR; };
		1EF8499BBDDD4E52A2C3B97A /* PushPlugin.h */ = {isa = PBXFileReference; fileEncoding = 4; lastKnownFileType = sourcecode.c.h; name = PushPlugin.h; path = com.phonegap.plugins.PushPlugin/PushPlugin.h; sourceTree = "<group>"; };
		1F766FDD13BBADB100FB74C0 /* en */ = {isa = PBXFileReference; lastKnownFileType = text.plist.strings; name = en; path = Localizable.strings; sourceTree = "<group>"; };
		1F766FE013BBADB100FB74C0 /* es */ = {isa = PBXFileReference; lastKnownFileType = text.plist.strings; name = es; path = Localizable.strings; sourceTree = "<group>"; };
		1F932222F85C40928AA6DAFB /* FBInsights.h */ = {isa = PBXFileReference; fileEncoding = 4; lastKnownFileType = sourcecode.c.h; name = FBInsights.h; path = com.phonegap.plugins.facebookconnect/facebook/FBInsights.h; sourceTree = "<group>"; };
		2167F770BAC9430E8330EF0E /* FBGraphLocation.h */ = {isa = PBXFileReference; fileEncoding = 4; lastKnownFileType = sourcecode.c.h; name = FBGraphLocation.h; path = com.phonegap.plugins.facebookconnect/facebook/FBGraphLocation.h; sourceTree = "<group>"; };
		288765FC0DF74451002DB57D /* CoreGraphics.framework */ = {isa = PBXFileReference; lastKnownFileType = wrapper.framework; name = CoreGraphics.framework; path = System/Library/Frameworks/CoreGraphics.framework; sourceTree = SDKROOT; };
		29B97316FDCFA39411CA2CEA /* main.m */ = {isa = PBXFileReference; fileEncoding = 4; lastKnownFileType = sourcecode.c.objc; path = main.m; sourceTree = "<group>"; };
		2A6E1C80413E4571B2AFC964 /* FBDialogsParams.h */ = {isa = PBXFileReference; fileEncoding = 4; lastKnownFileType = sourcecode.c.h; name = FBDialogsParams.h; path = com.phonegap.plugins.facebookconnect/facebook/FBDialogsParams.h; sourceTree = "<group>"; };
		2E58582E058149C38E3FFA76 /* FBGraphPlace.h */ = {isa = PBXFileReference; fileEncoding = 4; lastKnownFileType = sourcecode.c.h; name = FBGraphPlace.h; path = com.phonegap.plugins.facebookconnect/facebook/FBGraphPlace.h; sourceTree = "<group>"; };
		2FB91FEB592E4D0F96F60547 /* FBAccessTokenData.h */ = {isa = PBXFileReference; fileEncoding = 4; lastKnownFileType = sourcecode.c.h; name = FBAccessTokenData.h; path = com.phonegap.plugins.facebookconnect/facebook/FBAccessTokenData.h; sourceTree = "<group>"; };
		301BF52D109A57CC0062928A /* CordovaLib.xcodeproj */ = {isa = PBXFileReference; lastKnownFileType = "wrapper.pb-project"; name = CordovaLib.xcodeproj; path = CordovaLib/CordovaLib.xcodeproj; sourceTree = "<group>"; };
		301BF56E109A69640062928A /* www */ = {isa = PBXFileReference; lastKnownFileType = folder; path = www; sourceTree = SOURCE_ROOT; };
		302D95EE14D2391D003F00A1 /* MainViewController.h */ = {isa = PBXFileReference; fileEncoding = 4; lastKnownFileType = sourcecode.c.h; path = MainViewController.h; sourceTree = "<group>"; };
		302D95EF14D2391D003F00A1 /* MainViewController.m */ = {isa = PBXFileReference; fileEncoding = 4; lastKnownFileType = sourcecode.c.objc; path = MainViewController.m; sourceTree = "<group>"; };
		302D95F014D2391D003F00A1 /* MainViewController.xib */ = {isa = PBXFileReference; fileEncoding = 4; lastKnownFileType = file.xib; path = MainViewController.xib; sourceTree = "<group>"; };
		305D5FD0115AB8F900A74A75 /* MobileCoreServices.framework */ = {isa = PBXFileReference; lastKnownFileType = wrapper.framework; name = MobileCoreServices.framework; path = System/Library/Frameworks/MobileCoreServices.framework; sourceTree = SDKROOT; };
		3088BBB7154F3926009F9C59 /* Default-Landscape@2x~ipad.png */ = {isa = PBXFileReference; lastKnownFileType = image.png; path = "Default-Landscape@2x~ipad.png"; sourceTree = "<group>"; };
		3088BBB8154F3926009F9C59 /* Default-Landscape~ipad.png */ = {isa = PBXFileReference; lastKnownFileType = image.png; path = "Default-Landscape~ipad.png"; sourceTree = "<group>"; };
		3088BBB9154F3926009F9C59 /* Default-Portrait@2x~ipad.png */ = {isa = PBXFileReference; lastKnownFileType = image.png; path = "Default-Portrait@2x~ipad.png"; sourceTree = "<group>"; };
		3088BBBA154F3926009F9C59 /* Default-Portrait~ipad.png */ = {isa = PBXFileReference; lastKnownFileType = image.png; path = "Default-Portrait~ipad.png"; sourceTree = "<group>"; };
		3088BBBB154F3926009F9C59 /* Default@2x~iphone.png */ = {isa = PBXFileReference; lastKnownFileType = image.png; path = "Default@2x~iphone.png"; sourceTree = "<group>"; };
		3088BBBC154F3926009F9C59 /* Default~iphone.png */ = {isa = PBXFileReference; lastKnownFileType = image.png; path = "Default~iphone.png"; sourceTree = "<group>"; };
		308D052E1370CCF300D202BF /* icon-72.png */ = {isa = PBXFileReference; lastKnownFileType = image.png; path = "icon-72.png"; sourceTree = "<group>"; };
		308D052F1370CCF300D202BF /* icon.png */ = {isa = PBXFileReference; lastKnownFileType = image.png; path = icon.png; sourceTree = "<group>"; };
		308D05301370CCF300D202BF /* icon@2x.png */ = {isa = PBXFileReference; lastKnownFileType = image.png; path = "icon@2x.png"; sourceTree = "<group>"; };
		30A0434414DC770100060A13 /* de */ = {isa = PBXFileReference; lastKnownFileType = text.plist.strings; name = de; path = Localizable.strings; sourceTree = "<group>"; };
		30A0434714DC770100060A13 /* se */ = {isa = PBXFileReference; lastKnownFileType = text.plist.strings; name = se; path = Localizable.strings; sourceTree = "<group>"; };
		30FC414816E50CA1004E6F35 /* icon-72@2x.png */ = {isa = PBXFileReference; lastKnownFileType = image.png; path = "icon-72@2x.png"; sourceTree = "<group>"; };
		31E7D5D655714D44B8A84AE9 /* GAITransactionItem.h */ = {isa = PBXFileReference; fileEncoding = 4; lastKnownFileType = sourcecode.c.h; name = GAITransactionItem.h; path = com.adobe.plugins.GAPlugin/GAITransactionItem.h; sourceTree = "<group>"; };
		32CA4F630368D1EE00C91783 /* Ideas para hoy-Prefix.pch */ = {isa = PBXFileReference; fileEncoding = 4; lastKnownFileType = sourcecode.c.h; path = "Ideas para hoy-Prefix.pch"; sourceTree = "<group>"; };
		34D4C46B652647F5BFFEBDD7 /* FBUserSettingsViewResources.bundle */ = {isa = PBXFileReference; lastKnownFileType = "wrapper.plug-in"; path = FBUserSettingsViewResources.bundle; sourceTree = "<group>"; };
		3FCB2F3AC920473E8C93BB0C /* FBOpenGraphActionShareDialogParams.h */ = {isa = PBXFileReference; fileEncoding = 4; lastKnownFileType = sourcecode.c.h; name = FBOpenGraphActionShareDialogParams.h; path = com.phonegap.plugins.facebookconnect/facebook/FBOpenGraphActionShareDialogParams.h; sourceTree = "<group>"; };
		44C02A9623114675BCA6463B /* CDVInAppBrowser.h */ = {isa = PBXFileReference; fileEncoding = 4; lastKnownFileType = sourcecode.c.h; name = CDVInAppBrowser.h; path = org.apache.cordova.inappbrowser/CDVInAppBrowser.h; sourceTree = "<group>"; };
		47236B2381474C2190E4E7BC /* FBDialogs.h */ = {isa = PBXFileReference; fileEncoding = 4; lastKnownFileType = sourcecode.c.h; name = FBDialogs.h; path = com.phonegap.plugins.facebookconnect/facebook/FBDialogs.h; sourceTree = "<group>"; };
		4FDA8F36427040AC8D39C793 /* CoreData.framework */ = {isa = PBXFileReference; fileEncoding = 4; lastKnownFileType = wrapper.framework; name = CoreData.framework; path = System/Library/Frameworks/CoreData.framework; sourceTree = SDKROOT; };
		54E731572CF345FFB71AC5C3 /* FBDialogsData.h */ = {isa = PBXFileReference; fileEncoding = 4; lastKnownFileType = sourcecode.c.h; name = FBDialogsData.h; path = com.phonegap.plugins.facebookconnect/facebook/FBDialogsData.h; sourceTree = "<group>"; };
		582257C34759467994073B55 /* CDVReachability.m */ = {isa = PBXFileReference; fileEncoding = 4; lastKnownFileType = sourcecode.c.objc; name = CDVReachability.m; path = "org.apache.cordova.network-information/CDVReachability.m"; sourceTree = "<group>"; };
		58538BD5D7C6437192759C20 /* FBSessionTokenCachingStrategy.h */ = {isa = PBXFileReference; fileEncoding = 4; lastKnownFileType = sourcecode.c.h; name = FBSessionTokenCachingStrategy.h; path = com.phonegap.plugins.facebookconnect/facebook/FBSessionTokenCachingStrategy.h; sourceTree = "<group>"; };
		5AEE5B34173C68D80009041E /* CoreLocation.framework */ = {isa = PBXFileReference; lastKnownFileType = wrapper.framework; name = CoreLocation.framework; path = System/Library/Frameworks/CoreLocation.framework; sourceTree = SDKROOT; };
		5B1594DC16A7569C00FEF299 /* AssetsLibrary.framework */ = {isa = PBXFileReference; lastKnownFileType = wrapper.framework; name = AssetsLibrary.framework; path = System/Library/Frameworks/AssetsLibrary.framework; sourceTree = SDKROOT; };
		5B25A3247EA4454EBF223B87 /* FBErrorUtility.h */ = {isa = PBXFileReference; fileEncoding = 4; lastKnownFileType = sourcecode.c.h; name = FBErrorUtility.h; path = com.phonegap.plugins.facebookconnect/facebook/FBErrorUtility.h; sourceTree = "<group>"; };
		5B5770E1CBF54E75B39ABFA1 /* FBGraphObject.h */ = {isa = PBXFileReference; fileEncoding = 4; lastKnownFileType = sourcecode.c.h; name = FBGraphObject.h; path = com.phonegap.plugins.facebookconnect/facebook/FBGraphObject.h; sourceTree = "<group>"; };
		5C6D5341B1D544C3827C4166 /* Toast+UIView.h */ = {isa = PBXFileReference; fileEncoding = 4; lastKnownFileType = sourcecode.c.h; name = "Toast+UIView.h"; path = "nl.x-services.plugins.toast/Toast+UIView.h"; sourceTree = "<group>"; };
		5CDCC7DC4E4A44B2A2431B90 /* DatePicker.xib */ = {isa = PBXFileReference; fileEncoding = 4; lastKnownFileType = file.xib; path = DatePicker.xib; sourceTree = "<group>"; };
		60635E15156F4CBE97DCD040 /* FBGraphUser.h */ = {isa = PBXFileReference; fileEncoding = 4; lastKnownFileType = sourcecode.c.h; name = FBGraphUser.h; path = com.phonegap.plugins.facebookconnect/facebook/FBGraphUser.h; sourceTree = "<group>"; };
		664F623E685E419C80832695 /* CDVConnection.m */ = {isa = PBXFileReference; fileEncoding = 4; lastKnownFileType = sourcecode.c.objc; name = CDVConnection.m; path = "org.apache.cordova.network-information/CDVConnection.m"; sourceTree = "<group>"; };
		6A9267A3E4924AA4A5C6C2F6 /* FBAppLinkData.h */ = {isa = PBXFileReference; fileEncoding = 4; lastKnownFileType = sourcecode.c.h; name = FBAppLinkData.h; path = com.phonegap.plugins.facebookconnect/facebook/FBAppLinkData.h; sourceTree = "<group>"; };
		6A9E106919E542929BD187D3 /* FacebookSDK.h */ = {isa = PBXFileReference; fileEncoding = 4; lastKnownFileType = sourcecode.c.h; name = FacebookSDK.h; path = com.phonegap.plugins.facebookconnect/facebook/FacebookSDK.h; sourceTree = "<group>"; };
		6BF3381C15D54E4C8C221F2E /* FBCacheDescriptor.h */ = {isa = PBXFileReference; fileEncoding = 4; lastKnownFileType = sourcecode.c.h; name = FBCacheDescriptor.h; path = com.phonegap.plugins.facebookconnect/facebook/FBCacheDescriptor.h; sourceTree = "<group>"; };
		6E377994335749C68DDDDE4D /* Accounts.framework */ = {isa = PBXFileReference; fileEncoding = 4; lastKnownFileType = wrapper.framework; name = Accounts.framework; path = System/Library/Frameworks/Accounts.framework; sourceTree = SDKROOT; };
		6E404879D3A84A2096ECD018 /* FBOpenGraphAction.h */ = {isa = PBXFileReference; fileEncoding = 4; lastKnownFileType = sourcecode.c.h; name = FBOpenGraphAction.h; path = com.phonegap.plugins.facebookconnect/facebook/FBOpenGraphAction.h; sourceTree = "<group>"; };
		72A84E16D6EA4DB4BA110A76 /* CDVStatusBar.h */ = {isa = PBXFileReference; fileEncoding = 4; lastKnownFileType = sourcecode.c.h; name = CDVStatusBar.h; path = com.phonegap.plugin.statusbar/CDVStatusBar.h; sourceTree = "<group>"; };
		780BAD99EBB543D7A5329399 /* FBNativeDialogs.h */ = {isa = PBXFileReference; fileEncoding = 4; lastKnownFileType = sourcecode.c.h; name = FBNativeDialogs.h; path = com.phonegap.plugins.facebookconnect/facebook/FBNativeDialogs.h; sourceTree = "<group>"; };
		7975FD788EAA4F0AB91E736D /* Toast+UIView.m */ = {isa = PBXFileReference; fileEncoding = 4; lastKnownFileType = sourcecode.c.objc; name = "Toast+UIView.m"; path = "nl.x-services.plugins.toast/Toast+UIView.m"; sourceTree = "<group>"; };
		79F352BDF1AB4081BFF66A4B /* Toast.h */ = {isa = PBXFileReference; fileEncoding = 4; lastKnownFileType = sourcecode.c.h; name = Toast.h; path = "nl.x-services.plugins.toast/Toast.h"; sourceTree = "<group>"; };
		7A85104A76E64202A7D8AFBB /* libsqlite3.dylib */ = {isa = PBXFileReference; fileEncoding = 4; lastKnownFileType = "compiled.mach-o.dylib"; name = libsqlite3.dylib; path = usr/lib/libsqlite3.dylib; sourceTree = SDKROOT; };
		7ADEE558E7154C489716F8DF /* CDVInAppBrowser.m */ = {isa = PBXFileReference; fileEncoding = 4; lastKnownFileType = sourcecode.c.objc; name = CDVInAppBrowser.m; path = org.apache.cordova.inappbrowser/CDVInAppBrowser.m; sourceTree = "<group>"; };
		7D57BFAD7D7D449E92CB7072 /* FBPlacePickerViewController.h */ = {isa = PBXFileReference; fileEncoding = 4; lastKnownFileType = sourcecode.c.h; name = FBPlacePickerViewController.h; path = com.phonegap.plugins.facebookconnect/facebook/FBPlacePickerViewController.h; sourceTree = "<group>"; };
		7E7966D41810823500FA85AD /* icon-40.png */ = {isa = PBXFileReference; lastKnownFileType = image.png; path = "icon-40.png"; sourceTree = "<group>"; };
		7E7966D51810823500FA85AD /* icon-40@2x.png */ = {isa = PBXFileReference; lastKnownFileType = image.png; path = "icon-40@2x.png"; sourceTree = "<group>"; };
		7E7966D61810823500FA85AD /* icon-50.png */ = {isa = PBXFileReference; lastKnownFileType = image.png; path = "icon-50.png"; sourceTree = "<group>"; };
		7E7966D71810823500FA85AD /* icon-50@2x.png */ = {isa = PBXFileReference; lastKnownFileType = image.png; path = "icon-50@2x.png"; sourceTree = "<group>"; };
		7E7966D81810823500FA85AD /* icon-60.png */ = {isa = PBXFileReference; lastKnownFileType = image.png; path = "icon-60.png"; sourceTree = "<group>"; };
		7E7966D91810823500FA85AD /* icon-60@2x.png */ = {isa = PBXFileReference; lastKnownFileType = image.png; path = "icon-60@2x.png"; sourceTree = "<group>"; };
		7E7966DA1810823500FA85AD /* icon-76.png */ = {isa = PBXFileReference; lastKnownFileType = image.png; path = "icon-76.png"; sourceTree = "<group>"; };
		7E7966DB1810823500FA85AD /* icon-76@2x.png */ = {isa = PBXFileReference; lastKnownFileType = image.png; path = "icon-76@2x.png"; sourceTree = "<group>"; };
		7E7966DC1810823500FA85AD /* icon-small.png */ = {isa = PBXFileReference; lastKnownFileType = image.png; path = "icon-small.png"; sourceTree = "<group>"; };
		7E7966DD1810823500FA85AD /* icon-small@2x.png */ = {isa = PBXFileReference; lastKnownFileType = image.png; path = "icon-small@2x.png"; sourceTree = "<group>"; };
		813E777C35C94014B2B6EF68 /* FBRequest.h */ = {isa = PBXFileReference; fileEncoding = 4; lastKnownFileType = sourcecode.c.h; name = FBRequest.h; path = com.phonegap.plugins.facebookconnect/facebook/FBRequest.h; sourceTree = "<group>"; };
		81B80AB0CCE847A0AD6B8BB2 /* Security.framework */ = {isa = PBXFileReference; fileEncoding = 4; lastKnownFileType = wrapper.framework; name = Security.framework; path = System/Library/Frameworks/Security.framework; sourceTree = SDKROOT; };
		83F5CFDA8DFF4C60974A7031 /* Social.framework */ = {isa = PBXFileReference; fileEncoding = 4; lastKnownFileType = wrapper.framework; name = Social.framework; path = System/Library/Frameworks/Social.framework; sourceTree = SDKROOT; };
		862F8620B0D14A31B63DC1C7 /* FBUserSettingsViewController.h */ = {isa = PBXFileReference; fileEncoding = 4; lastKnownFileType = sourcecode.c.h; name = FBUserSettingsViewController.h; path = com.phonegap.plugins.facebookconnect/facebook/FBUserSettingsViewController.h; sourceTree = "<group>"; };
		88460B62772F4490B1F3212F /* AudioToolbox.framework */ = {isa = PBXFileReference; fileEncoding = 4; lastKnownFileType = wrapper.framework; name = AudioToolbox.framework; path = System/Library/Frameworks/AudioToolbox.framework; sourceTree = SDKROOT; };
		885CAA09E6194090BDF39520 /* FBSettings.h */ = {isa = PBXFileReference; fileEncoding = 4; lastKnownFileType = sourcecode.c.h; name = FBSettings.h; path = com.phonegap.plugins.facebookconnect/facebook/FBSettings.h; sourceTree = "<group>"; };
		89953B17CE8E4F3788E50345 /* CDVSplashScreen.m */ = {isa = PBXFileReference; fileEncoding = 4; lastKnownFileType = sourcecode.c.objc; name = CDVSplashScreen.m; path = org.apache.cordova.splashscreen/CDVSplashScreen.m; sourceTree = "<group>"; };
		8D1107310486CEB800E47090 /* Ideas para hoy-Info.plist */ = {isa = PBXFileReference; fileEncoding = 4; lastKnownFileType = text.plist.xml; name = "Ideas para hoy-Info.plist"; path = "../Ideas para hoy-Info.plist"; plistStructureDefinitionIdentifier = "com.apple.xcode.plist.structure-definition.iphone.info-plist"; sourceTree = "<group>"; };
		91ABAB92ACD74677BD1E474A /* CDVNotification.h */ = {isa = PBXFileReference; fileEncoding = 4; lastKnownFileType = sourcecode.c.h; name = CDVNotification.h; path = org.apache.cordova.dialogs/CDVNotification.h; sourceTree = "<group>"; };
		96835C09244C4EEEBCF5074F /* CDVSplashScreen.h */ = {isa = PBXFileReference; fileEncoding = 4; lastKnownFileType = sourcecode.c.h; name = CDVSplashScreen.h; path = org.apache.cordova.splashscreen/CDVSplashScreen.h; sourceTree = "<group>"; };
		983B8BD1D7C6413B92577404 /* FBRequestConnection.h */ = {isa = PBXFileReference; fileEncoding = 4; lastKnownFileType = sourcecode.c.h; name = FBRequestConnection.h; path = com.phonegap.plugins.facebookconnect/facebook/FBRequestConnection.h; sourceTree = "<group>"; };
		9C48BF62F0864E18B133E369 /* DatePicker.h */ = {isa = PBXFileReference; fileEncoding = 4; lastKnownFileType = sourcecode.c.h; name = DatePicker.h; path = com.plugin.datepicker/DatePicker.h; sourceTree = "<group>"; };
		9E350A761E9F43E2A0C934A3 /* CDVLocation.h */ = {isa = PBXFileReference; fileEncoding = 4; lastKnownFileType = sourcecode.c.h; name = CDVLocation.h; path = org.apache.cordova.geolocation/CDVLocation.h; sourceTree = "<group>"; };
		9EBB874C180E4EC0A3FAFABB /* FBError.h */ = {isa = PBXFileReference; fileEncoding = 4; lastKnownFileType = sourcecode.c.h; name = FBError.h; path = com.phonegap.plugins.facebookconnect/facebook/FBError.h; sourceTree = "<group>"; };
		A3D6D93452664A0188961E20 /* AppDelegate+notification.m */ = {isa = PBXFileReference; fileEncoding = 4; lastKnownFileType = sourcecode.c.objc; name = "AppDelegate+notification.m"; path = "com.phonegap.plugins.PushPlugin/AppDelegate+notification.m"; sourceTree = "<group>"; };
		AE2B13C7916348AA8A7E13F8 /* FacebookConnectPlugin.h */ = {isa = PBXFileReference; fileEncoding = 4; lastKnownFileType = sourcecode.c.h; name = FacebookConnectPlugin.h; path = com.phonegap.plugins.facebookconnect/FacebookConnectPlugin.h; sourceTree = "<group>"; };
		AE653621EE814D1D8518A2CE /* FBProfilePictureView.h */ = {isa = PBXFileReference; fileEncoding = 4; lastKnownFileType = sourcecode.c.h; name = FBProfilePictureView.h; path = com.phonegap.plugins.facebookconnect/facebook/FBProfilePictureView.h; sourceTree = "<group>"; };
		B088DEC3D8AC477997DF3DEC /* FBFriendPickerViewController.h */ = {isa = PBXFileReference; fileEncoding = 4; lastKnownFileType = sourcecode.c.h; name = FBFriendPickerViewController.h; path = com.phonegap.plugins.facebookconnect/facebook/FBFriendPickerViewController.h; sourceTree = "<group>"; };
		B5838E36BF484FBE8878D59A /* CDVConnection.h */ = {isa = PBXFileReference; fileEncoding = 4; lastKnownFileType = sourcecode.c.h; name = CDVConnection.h; path = "org.apache.cordova.network-information/CDVConnection.h"; sourceTree = "<group>"; };
		B62BA088BFF64DCBB310DB47 /* GAPlugin.h */ = {isa = PBXFileReference; fileEncoding = 4; lastKnownFileType = sourcecode.c.h; name = GAPlugin.h; path = com.adobe.plugins.GAPlugin/GAPlugin.h; sourceTree = "<group>"; };
		BD022CEE3A974696A916CAC5 /* AdSupport.framework */ = {isa = PBXFileReference; fileEncoding = 4; lastKnownFileType = wrapper.framework; name = AdSupport.framework; path = System/Library/Frameworks/AdSupport.framework; sourceTree = SDKROOT; };
		C01593F78403460F87EE475E /* FBSession.h */ = {isa = PBXFileReference; fileEncoding = 4; lastKnownFileType = sourcecode.c.h; name = FBSession.h; path = com.phonegap.plugins.facebookconnect/facebook/FBSession.h; sourceTree = "<group>"; };
		C3851C6DAACA40D69484BA8D /* FBLoginView.h */ = {isa = PBXFileReference; fileEncoding = 4; lastKnownFileType = sourcecode.c.h; name = FBLoginView.h; path = com.phonegap.plugins.facebookconnect/facebook/FBLoginView.h; sourceTree = "<group>"; };
		C62D3D104CFA4EEE89F6BD40 /* Toast.m */ = {isa = PBXFileReference; fileEncoding = 4; lastKnownFileType = sourcecode.c.objc; name = Toast.m; path = "nl.x-services.plugins.toast/Toast.m"; sourceTree = "<group>"; };
		C67BFB6924474664B00691A7 /* PushPlugin.m */ = {isa = PBXFileReference; fileEncoding = 4; lastKnownFileType = sourcecode.c.objc; name = PushPlugin.m; path = com.phonegap.plugins.PushPlugin/PushPlugin.m; sourceTree = "<group>"; };
		CA52E68FDF4B4BCAB965917C /* FacebookConnectPlugin.m */ = {isa = PBXFileReference; fileEncoding = 4; lastKnownFileType = sourcecode.c.objc; name = FacebookConnectPlugin.m; path = com.phonegap.plugins.facebookconnect/FacebookConnectPlugin.m; sourceTree = "<group>"; };
		CAD17507C20F4795899227CB /* CDVReachability.h */ = {isa = PBXFileReference; fileEncoding = 4; lastKnownFileType = sourcecode.c.h; name = CDVReachability.h; path = "org.apache.cordova.network-information/CDVReachability.h"; sourceTree = "<group>"; };
		CB6E991989AB4A05B410C091 /* GAITrackedViewController.h */ = {isa = PBXFileReference; fileEncoding = 4; lastKnownFileType = sourcecode.c.h; name = GAITrackedViewController.h; path = com.adobe.plugins.GAPlugin/GAITrackedViewController.h; sourceTree = "<group>"; };
		CC6DDCE2F04B42C897BDED88 /* SystemConfiguration.framework */ = {isa = PBXFileReference; fileEncoding = 4; lastKnownFileType = wrapper.framework; name = SystemConfiguration.framework; path = System/Library/Frameworks/SystemConfiguration.framework; sourceTree = SDKROOT; };
		CE1738F45BD6475B83F69D00 /* AppDelegate+notification.h */ = {isa = PBXFileReference; fileEncoding = 4; lastKnownFileType = sourcecode.c.h; name = "AppDelegate+notification.h"; path = "com.phonegap.plugins.PushPlugin/AppDelegate+notification.h"; sourceTree = "<group>"; };
		CEC2C634B1704056880F1F20 /* FBWebDialogs.h */ = {isa = PBXFileReference; fileEncoding = 4; lastKnownFileType = sourcecode.c.h; name = FBWebDialogs.h; path = com.phonegap.plugins.facebookconnect/facebook/FBWebDialogs.h; sourceTree = "<group>"; };
		CF513479FE4B43768397BF2A /* CDVLocation.m */ = {isa = PBXFileReference; fileEncoding = 4; lastKnownFileType = sourcecode.c.objc; name = CDVLocation.m; path = org.apache.cordova.geolocation/CDVLocation.m; sourceTree = "<group>"; };
		D4A0D8751607E02300AEF8BB /* Default-568h@2x~iphone.png */ = {isa = PBXFileReference; lastKnownFileType = image.png; path = "Default-568h@2x~iphone.png"; sourceTree = "<group>"; };
		DAAE0C0D19A949269D547F95 /* GAITransaction.h */ = {isa = PBXFileReference; fileEncoding = 4; lastKnownFileType = sourcecode.c.h; name = GAITransaction.h; path = com.adobe.plugins.GAPlugin/GAITransaction.h; sourceTree = "<group>"; };
		DB46611A52F044F38B9431FF /* FBAppCall.h */ = {isa = PBXFileReference; fileEncoding = 4; lastKnownFileType = sourcecode.c.h; name = FBAppCall.h; path = com.phonegap.plugins.facebookconnect/facebook/FBAppCall.h; sourceTree = "<group>"; };
		E1399D1DBF794FD09892A1CD /* CDVNotification.bundle */ = {isa = PBXFileReference; lastKnownFileType = "wrapper.plug-in"; path = CDVNotification.bundle; sourceTree = "<group>"; };
		EB87FDF21871DA7A0020F90C /* merges */ = {isa = PBXFileReference; lastKnownFileType = folder; name = merges; path = ../../merges; sourceTree = "<group>"; };
		EB87FDF31871DA8E0020F90C /* www */ = {isa = PBXFileReference; lastKnownFileType = folder; name = www; path = ../../www; sourceTree = "<group>"; };
		EB87FDF41871DAF40020F90C /* config.xml */ = {isa = PBXFileReference; lastKnownFileType = text.xml; name = config.xml; path = ../../config.xml; sourceTree = "<group>"; };
		EC042514E46F454E9D507D49 /* GAPlugin.m */ = {isa = PBXFileReference; fileEncoding = 4; lastKnownFileType = sourcecode.c.objc; name = GAPlugin.m; path = com.adobe.plugins.GAPlugin/GAPlugin.m; sourceTree = "<group>"; };
		EDA0ED60EF8642F1A9EF4E69 /* GoogleAnalytics.a */ = {isa = PBXFileReference; fileEncoding = 4; lastKnownFileType = archive.ar; name = GoogleAnalytics.a; path = "Ideas para hoy/Plugins/com.adobe.plugins.GAPlugin/GoogleAnalytics.a"; sourceTree = "<group>"; };
		F01F320E56E746DEB4CAB4D4 /* FBShareDialogParams.h */ = {isa = PBXFileReference; fileEncoding = 4; lastKnownFileType = sourcecode.c.h; name = FBShareDialogParams.h; path = com.phonegap.plugins.facebookconnect/facebook/FBShareDialogParams.h; sourceTree = "<group>"; };
		F05AA092FD7E4231948F4CAA /* CDVStatusBar.m */ = {isa = PBXFileReference; fileEncoding = 4; lastKnownFileType = sourcecode.c.objc; name = CDVStatusBar.m; path = com.phonegap.plugin.statusbar/CDVStatusBar.m; sourceTree = "<group>"; };
		F15E4FE083DA406A9CE8B9E3 /* CDVDevice.h */ = {isa = PBXFileReference; fileEncoding = 4; lastKnownFileType = sourcecode.c.h; name = CDVDevice.h; path = org.apache.cordova.device/CDVDevice.h; sourceTree = "<group>"; };
		F185A976CAB04B4C8509B39A /* QuartzCore.framework */ = {isa = PBXFileReference; fileEncoding = 4; lastKnownFileType = wrapper.framework; name = QuartzCore.framework; path = System/Library/Frameworks/QuartzCore.framework; sourceTree = SDKROOT; };
		F61C0B1209A24EDD82155771 /* FBViewController.h */ = {isa = PBXFileReference; fileEncoding = 4; lastKnownFileType = sourcecode.c.h; name = FBViewController.h; path = com.phonegap.plugins.facebookconnect/facebook/FBViewController.h; sourceTree = "<group>"; };
		F840E1F0165FE0F500CFE078 /* config.xml */ = {isa = PBXFileReference; lastKnownFileType = text.xml; name = config.xml; path = "Ideas para hoy/config.xml"; sourceTree = "<group>"; };
		FC384C97C2824D2BAC7768FF /* FBFrictionlessRecipientCache.h */ = {isa = PBXFileReference; fileEncoding = 4; lastKnownFileType = sourcecode.c.h; name = FBFrictionlessRecipientCache.h; path = com.phonegap.plugins.facebookconnect/facebook/FBFrictionlessRecipientCache.h; sourceTree = "<group>"; };
		FCE7C44261B4456FA23CDC7E /* CDVDevice.m */ = {isa = PBXFileReference; fileEncoding = 4; lastKnownFileType = sourcecode.c.objc; name = CDVDevice.m; path = org.apache.cordova.device/CDVDevice.m; sourceTree = "<group>"; };
		FFBA56B89FA34B17BD4EB2E4 /* GAI.h */ = {isa = PBXFileReference; fileEncoding = 4; lastKnownFileType = sourcecode.c.h; name = GAI.h; path = com.adobe.plugins.GAPlugin/GAI.h; sourceTree = "<group>"; };
		FE7C84529F3A43F1A6EC918F /* FacebookSDK-3.5.2-Release.a */ = {isa = PBXFileReference; lastKnownFileType = archive.ar; name = "FacebookSDK-3.5.2-Release.a"; path = "Ideas para hoy/Plugins/com.phonegap.plugins.facebookconnect/FacebookSDK-3.5.2-Release.a"; sourceTree = "<group>"; fileEncoding = 4; };
		961A644A239E4EFF8B76F2B3 /* NSError+FBError.h */ = {isa = PBXFileReference; lastKnownFileType = sourcecode.c.h; name = "NSError+FBError.h"; path = "com.phonegap.plugins.facebookconnect/facebook/NSError+FBError.h"; sourceTree = "<group>"; fileEncoding = 4; };
		CDA98641974347CDAF09DCC3 /* FacebookSDKResources.bundle */ = {isa = PBXFileReference; lastKnownFileType = "wrapper.plug-in"; name = "FacebookSDKResources.bundle"; path = "FacebookSDKResources.bundle"; sourceTree = "<group>"; };
		39FD73DA9A1546F5AFD4F4E9 /* FBUserSettingsViewResources.bundle */ = {isa = PBXFileReference; lastKnownFileType = "wrapper.plug-in"; name = "FBUserSettingsViewResources.bundle"; path = "FBUserSettingsViewResources.bundle"; sourceTree = "<group>"; };
/* End PBXFileReference section */

/* Begin PBXFrameworksBuildPhase section */
		1D60588F0D05DD3D006BFB54 /* Frameworks */ = {
			isa = PBXFrameworksBuildPhase;
			buildActionMask = 2147483647;
			files = (
				5B1594DD16A7569C00FEF299 /* AssetsLibrary.framework in Frameworks */,
				301BF552109A68D80062928A /* libCordova.a in Frameworks */,
				288765FD0DF74451002DB57D /* CoreGraphics.framework in Frameworks */,
				305D5FD1115AB8F900A74A75 /* MobileCoreServices.framework in Frameworks */,
				5AEE5B35173C68D80009041E /* CoreLocation.framework in Frameworks */,
				B0AD79FF0DAF4B4F968C8333 /* GoogleAnalytics.a in Frameworks */,
				8C2F82CB6DF441E0B4E9D087 /* CoreData.framework in Frameworks */,
				4243B7A67D0849D8B271A2C8 /* SystemConfiguration.framework in Frameworks */,
				E8401F03410646F59B3A03AA /* QuartzCore.framework in Frameworks */,
				6A3DB837B51E47AFAD325D0A /* AudioToolbox.framework in Frameworks */,
				DD93190AB4A14CD0981BFFE9 /* FacebookSDK-3.5.2-Release.a in Frameworks */,
			);
			runOnlyForDeploymentPostprocessing = 0;
		};
/* End PBXFrameworksBuildPhase section */

/* Begin PBXGroup section */
		080E96DDFE201D6D7F000001 /* Classes */ = {
			isa = PBXGroup;
			children = (
				302D95EE14D2391D003F00A1 /* MainViewController.h */,
				302D95EF14D2391D003F00A1 /* MainViewController.m */,
				302D95F014D2391D003F00A1 /* MainViewController.xib */,
				1D3623240D0F684500981E51 /* AppDelegate.h */,
				1D3623250D0F684500981E51 /* AppDelegate.m */,
			);
			name = Classes;
			path = "Ideas para hoy/Classes";
			sourceTree = SOURCE_ROOT;
		};
		19C28FACFE9D520D11CA2CBB /* Products */ = {
			isa = PBXGroup;
			children = (
				1D6058910D05DD3D006BFB54 /* Ideas para hoy.app */,
			);
			name = Products;
			sourceTree = "<group>";
		};
		1F766FDB13BBADB100FB74C0 /* en.lproj */ = {
			isa = PBXGroup;
			children = (
				1F766FDC13BBADB100FB74C0 /* Localizable.strings */,
			);
			path = en.lproj;
			sourceTree = "<group>";
		};
		1F766FDE13BBADB100FB74C0 /* es.lproj */ = {
			isa = PBXGroup;
			children = (
				1F766FDF13BBADB100FB74C0 /* Localizable.strings */,
			);
			path = es.lproj;
			sourceTree = "<group>";
		};
		29B97314FDCFA39411CA2CEA /* CustomTemplate */ = {
			isa = PBXGroup;
			children = (
				EB87FDF41871DAF40020F90C /* config.xml */,
				EB87FDF31871DA8E0020F90C /* www */,
				EB87FDF21871DA7A0020F90C /* merges */,
				EB87FDF11871DA420020F90C /* Staging */,
				301BF52D109A57CC0062928A /* CordovaLib.xcodeproj */,
				080E96DDFE201D6D7F000001 /* Classes */,
				307C750510C5A3420062BCA9 /* Plugins */,
				29B97315FDCFA39411CA2CEA /* Other Sources */,
				29B97317FDCFA39411CA2CEA /* Resources */,
				29B97323FDCFA39411CA2CEA /* Frameworks */,
				19C28FACFE9D520D11CA2CBB /* Products */,
			);
			name = CustomTemplate;
			sourceTree = "<group>";
		};
		29B97315FDCFA39411CA2CEA /* Other Sources */ = {
			isa = PBXGroup;
			children = (
				32CA4F630368D1EE00C91783 /* Ideas para hoy-Prefix.pch */,
				29B97316FDCFA39411CA2CEA /* main.m */,
			);
			name = "Other Sources";
			path = "Ideas para hoy";
			sourceTree = "<group>";
		};
		29B97317FDCFA39411CA2CEA /* Resources */ = {
			isa = PBXGroup;
			children = (
				30A0434214DC770100060A13 /* de.lproj */,
				30A0434514DC770100060A13 /* se.lproj */,
				1F766FDB13BBADB100FB74C0 /* en.lproj */,
				1F766FDE13BBADB100FB74C0 /* es.lproj */,
				308D052D1370CCF300D202BF /* icons */,
				308D05311370CCF300D202BF /* splash */,
				8D1107310486CEB800E47090 /* Ideas para hoy-Info.plist */,
				5CDCC7DC4E4A44B2A2431B90 /* DatePicker.xib */,
				E1399D1DBF794FD09892A1CD /* CDVNotification.bundle */,
				18613A065BB844BCB78197A3 /* FacebookSDKResources.bundle */,
				34D4C46B652647F5BFFEBDD7 /* FBUserSettingsViewResources.bundle */,
				CDA98641974347CDAF09DCC3 /* FacebookSDKResources.bundle */,
				39FD73DA9A1546F5AFD4F4E9 /* FBUserSettingsViewResources.bundle */,
			);
			name = Resources;
			path = "Ideas para hoy/Resources";
			sourceTree = "<group>";
		};
		29B97323FDCFA39411CA2CEA /* Frameworks */ = {
			isa = PBXGroup;
			children = (
				5AEE5B34173C68D80009041E /* CoreLocation.framework */,
				5B1594DC16A7569C00FEF299 /* AssetsLibrary.framework */,
				288765FC0DF74451002DB57D /* CoreGraphics.framework */,
				305D5FD0115AB8F900A74A75 /* MobileCoreServices.framework */,
				EDA0ED60EF8642F1A9EF4E69 /* GoogleAnalytics.a */,
				4FDA8F36427040AC8D39C793 /* CoreData.framework */,
				CC6DDCE2F04B42C897BDED88 /* SystemConfiguration.framework */,
				F185A976CAB04B4C8509B39A /* QuartzCore.framework */,
				88460B62772F4490B1F3212F /* AudioToolbox.framework */,
				B85688293A1B4E9F9DD05B3E /* FacebookSDK-3.5.2-Release.a */,
				7A85104A76E64202A7D8AFBB /* libsqlite3.dylib */,
				83F5CFDA8DFF4C60974A7031 /* Social.framework */,
				6E377994335749C68DDDDE4D /* Accounts.framework */,
				BD022CEE3A974696A916CAC5 /* AdSupport.framework */,
				81B80AB0CCE847A0AD6B8BB2 /* Security.framework */,
				D7E96170384F448895D66C45 /* FacebookSDK-3.5.2-Release.a */,
				B638AE414F7B4D29AA32AAA1 /* FacebookSDK-3.5.2-Release.a */,
				FE7C84529F3A43F1A6EC918F /* FacebookSDK-3.5.2-Release.a */,
			);
			name = Frameworks;
			sourceTree = "<group>";
		};
		301BF52E109A57CC0062928A /* Products */ = {
			isa = PBXGroup;
			children = (
				301BF535109A57CC0062928A /* libCordova.a */,
			);
			name = Products;
			sourceTree = "<group>";
		};
		307C750510C5A3420062BCA9 /* Plugins */ = {
			isa = PBXGroup;
			children = (
				EC042514E46F454E9D507D49 /* GAPlugin.m */,
				31E7D5D655714D44B8A84AE9 /* GAITransactionItem.h */,
				DAAE0C0D19A949269D547F95 /* GAITransaction.h */,
				0C3C6839158040A6B45947F9 /* GAITracker.h */,
				CB6E991989AB4A05B410C091 /* GAITrackedViewController.h */,
				FFBA56B89FA34B17BD4EB2E4 /* GAI.h */,
				B62BA088BFF64DCBB310DB47 /* GAPlugin.h */,
				F05AA092FD7E4231948F4CAA /* CDVStatusBar.m */,
				72A84E16D6EA4DB4BA110A76 /* CDVStatusBar.h */,
				16929ABE900840D2A957E591 /* DatePicker.m */,
				9C48BF62F0864E18B133E369 /* DatePicker.h */,
				7975FD788EAA4F0AB91E736D /* Toast+UIView.m */,
				C62D3D104CFA4EEE89F6BD40 /* Toast.m */,
				5C6D5341B1D544C3827C4166 /* Toast+UIView.h */,
				79F352BDF1AB4081BFF66A4B /* Toast.h */,
				FCE7C44261B4456FA23CDC7E /* CDVDevice.m */,
				F15E4FE083DA406A9CE8B9E3 /* CDVDevice.h */,
				13475FFD051E4614B6E6574A /* CDVNotification.m */,
				91ABAB92ACD74677BD1E474A /* CDVNotification.h */,
				CF513479FE4B43768397BF2A /* CDVLocation.m */,
				9E350A761E9F43E2A0C934A3 /* CDVLocation.h */,
				7ADEE558E7154C489716F8DF /* CDVInAppBrowser.m */,
				44C02A9623114675BCA6463B /* CDVInAppBrowser.h */,
				664F623E685E419C80832695 /* CDVConnection.m */,
				582257C34759467994073B55 /* CDVReachability.m */,
				B5838E36BF484FBE8878D59A /* CDVConnection.h */,
				CAD17507C20F4795899227CB /* CDVReachability.h */,
				89953B17CE8E4F3788E50345 /* CDVSplashScreen.m */,
				96835C09244C4EEEBCF5074F /* CDVSplashScreen.h */,
				A3D6D93452664A0188961E20 /* AppDelegate+notification.m */,
				C67BFB6924474664B00691A7 /* PushPlugin.m */,
				CE1738F45BD6475B83F69D00 /* AppDelegate+notification.h */,
				1EF8499BBDDD4E52A2C3B97A /* PushPlugin.h */,
				CA52E68FDF4B4BCAB965917C /* FacebookConnectPlugin.m */,
				AE2B13C7916348AA8A7E13F8 /* FacebookConnectPlugin.h */,
				2FB91FEB592E4D0F96F60547 /* FBAccessTokenData.h */,
				DB46611A52F044F38B9431FF /* FBAppCall.h */,
				6A9267A3E4924AA4A5C6C2F6 /* FBAppLinkData.h */,
				6BF3381C15D54E4C8C221F2E /* FBCacheDescriptor.h */,
				47236B2381474C2190E4E7BC /* FBDialogs.h */,
				54E731572CF345FFB71AC5C3 /* FBDialogsData.h */,
				2A6E1C80413E4571B2AFC964 /* FBDialogsParams.h */,
				9EBB874C180E4EC0A3FAFABB /* FBError.h */,
				5B25A3247EA4454EBF223B87 /* FBErrorUtility.h */,
				FC384C97C2824D2BAC7768FF /* FBFrictionlessRecipientCache.h */,
				B088DEC3D8AC477997DF3DEC /* FBFriendPickerViewController.h */,
				2167F770BAC9430E8330EF0E /* FBGraphLocation.h */,
				5B5770E1CBF54E75B39ABFA1 /* FBGraphObject.h */,
				2E58582E058149C38E3FFA76 /* FBGraphPlace.h */,
				60635E15156F4CBE97DCD040 /* FBGraphUser.h */,
				1F932222F85C40928AA6DAFB /* FBInsights.h */,
				C3851C6DAACA40D69484BA8D /* FBLoginView.h */,
				780BAD99EBB543D7A5329399 /* FBNativeDialogs.h */,
				6E404879D3A84A2096ECD018 /* FBOpenGraphAction.h */,
				3FCB2F3AC920473E8C93BB0C /* FBOpenGraphActionShareDialogParams.h */,
				0554F5CF13464132ABB1BE1F /* FBOpenGraphObject.h */,
				7D57BFAD7D7D449E92CB7072 /* FBPlacePickerViewController.h */,
				AE653621EE814D1D8518A2CE /* FBProfilePictureView.h */,
				813E777C35C94014B2B6EF68 /* FBRequest.h */,
				983B8BD1D7C6413B92577404 /* FBRequestConnection.h */,
				C01593F78403460F87EE475E /* FBSession.h */,
				58538BD5D7C6437192759C20 /* FBSessionTokenCachingStrategy.h */,
				885CAA09E6194090BDF39520 /* FBSettings.h */,
				F01F320E56E746DEB4CAB4D4 /* FBShareDialogParams.h */,
				046D1167DA1A4315BB5339E0 /* FBTestSession.h */,
				862F8620B0D14A31B63DC1C7 /* FBUserSettingsViewController.h */,
				F61C0B1209A24EDD82155771 /* FBViewController.h */,
				CEC2C634B1704056880F1F20 /* FBWebDialogs.h */,
				6A9E106919E542929BD187D3 /* FacebookSDK.h */,
				961A644A239E4EFF8B76F2B3 /* NSError+FBError.h */,
			);
			name = Plugins;
			path = "Ideas para hoy/Plugins";
			sourceTree = SOURCE_ROOT;
		};
		308D052D1370CCF300D202BF /* icons */ = {
			isa = PBXGroup;
			children = (
				7E7966D41810823500FA85AD /* icon-40.png */,
				7E7966D51810823500FA85AD /* icon-40@2x.png */,
				7E7966D61810823500FA85AD /* icon-50.png */,
				7E7966D71810823500FA85AD /* icon-50@2x.png */,
				7E7966D81810823500FA85AD /* icon-60.png */,
				7E7966D91810823500FA85AD /* icon-60@2x.png */,
				7E7966DA1810823500FA85AD /* icon-76.png */,
				7E7966DB1810823500FA85AD /* icon-76@2x.png */,
				7E7966DC1810823500FA85AD /* icon-small.png */,
				7E7966DD1810823500FA85AD /* icon-small@2x.png */,
				30FC414816E50CA1004E6F35 /* icon-72@2x.png */,
				308D052E1370CCF300D202BF /* icon-72.png */,
				308D052F1370CCF300D202BF /* icon.png */,
				308D05301370CCF300D202BF /* icon@2x.png */,
			);
			path = icons;
			sourceTree = "<group>";
		};
		308D05311370CCF300D202BF /* splash */ = {
			isa = PBXGroup;
			children = (
				D4A0D8751607E02300AEF8BB /* Default-568h@2x~iphone.png */,
				3088BBB7154F3926009F9C59 /* Default-Landscape@2x~ipad.png */,
				3088BBB8154F3926009F9C59 /* Default-Landscape~ipad.png */,
				3088BBB9154F3926009F9C59 /* Default-Portrait@2x~ipad.png */,
				3088BBBA154F3926009F9C59 /* Default-Portrait~ipad.png */,
				3088BBBB154F3926009F9C59 /* Default@2x~iphone.png */,
				3088BBBC154F3926009F9C59 /* Default~iphone.png */,
			);
			path = splash;
			sourceTree = "<group>";
		};
		30A0434214DC770100060A13 /* de.lproj */ = {
			isa = PBXGroup;
			children = (
				30A0434314DC770100060A13 /* Localizable.strings */,
			);
			path = de.lproj;
			sourceTree = "<group>";
		};
		30A0434514DC770100060A13 /* se.lproj */ = {
			isa = PBXGroup;
			children = (
				30A0434614DC770100060A13 /* Localizable.strings */,
			);
			path = se.lproj;
			sourceTree = "<group>";
		};
		EB87FDF11871DA420020F90C /* Staging */ = {
			isa = PBXGroup;
			children = (
				F840E1F0165FE0F500CFE078 /* config.xml */,
				301BF56E109A69640062928A /* www */,
			);
			name = Staging;
			sourceTree = "<group>";
		};
/* End PBXGroup section */

/* Begin PBXNativeTarget section */
		1D6058900D05DD3D006BFB54 /* Ideas para hoy */ = {
			isa = PBXNativeTarget;
			buildConfigurationList = 1D6058960D05DD3E006BFB54 /* Build configuration list for PBXNativeTarget "Ideas para hoy" */;
			buildPhases = (
				304B58A110DAC018002A0835 /* Copy www directory */,
				1D60588D0D05DD3D006BFB54 /* Resources */,
				1D60588E0D05DD3D006BFB54 /* Sources */,
				1D60588F0D05DD3D006BFB54 /* Frameworks */,
			);
			buildRules = (
			);
			dependencies = (
				301BF551109A68C00062928A /* PBXTargetDependency */,
			);
			name = "Ideas para hoy";
			productName = "Ideas para hoy";
			productReference = 1D6058910D05DD3D006BFB54 /* Ideas para hoy.app */;
			productType = "com.apple.product-type.application";
		};
/* End PBXNativeTarget section */

/* Begin PBXProject section */
		29B97313FDCFA39411CA2CEA /* Project object */ = {
			isa = PBXProject;
			attributes = {
				LastUpgradeCheck = 510;
			};
			buildConfigurationList = C01FCF4E08A954540054247B /* Build configuration list for PBXProject "Ideas para hoy" */;
			compatibilityVersion = "Xcode 3.2";
			developmentRegion = English;
			hasScannedForEncodings = 1;
			knownRegions = (
				English,
				Japanese,
				French,
				German,
				en,
				es,
				de,
				se,
			);
			mainGroup = 29B97314FDCFA39411CA2CEA /* CustomTemplate */;
			projectDirPath = "";
			projectReferences = (
				{
					ProductGroup = 301BF52E109A57CC0062928A /* Products */;
					ProjectRef = 301BF52D109A57CC0062928A /* CordovaLib.xcodeproj */;
				},
			);
			projectRoot = "";
			targets = (
				1D6058900D05DD3D006BFB54 /* Ideas para hoy */,
			);
		};
/* End PBXProject section */

/* Begin PBXReferenceProxy section */
		301BF535109A57CC0062928A /* libCordova.a */ = {
			isa = PBXReferenceProxy;
			fileType = archive.ar;
			path = libCordova.a;
			remoteRef = 301BF534109A57CC0062928A /* PBXContainerItemProxy */;
			sourceTree = BUILT_PRODUCTS_DIR;
		};
/* End PBXReferenceProxy section */

/* Begin PBXResourcesBuildPhase section */
		1D60588D0D05DD3D006BFB54 /* Resources */ = {
			isa = PBXResourcesBuildPhase;
			buildActionMask = 2147483647;
			files = (
				7E7966E41810823500FA85AD /* icon-76.png in Resources */,
				7E7966DF1810823500FA85AD /* icon-40@2x.png in Resources */,
				308D05371370CCF300D202BF /* icon-72.png in Resources */,
				308D05381370CCF300D202BF /* icon.png in Resources */,
				308D05391370CCF300D202BF /* icon@2x.png in Resources */,
				1F766FE113BBADB100FB74C0 /* Localizable.strings in Resources */,
				302D95F214D2391D003F00A1 /* MainViewController.xib in Resources */,
				7E7966E01810823500FA85AD /* icon-50.png in Resources */,
				7E7966E31810823500FA85AD /* icon-60@2x.png in Resources */,
				30A0434814DC770100060A13 /* Localizable.strings in Resources */,
				7E7966E61810823500FA85AD /* icon-small.png in Resources */,
				3088BBBD154F3926009F9C59 /* Default-Landscape@2x~ipad.png in Resources */,
				3088BBBE154F3926009F9C59 /* Default-Landscape~ipad.png in Resources */,
				3088BBBF154F3926009F9C59 /* Default-Portrait@2x~ipad.png in Resources */,
				7E7966E71810823500FA85AD /* icon-small@2x.png in Resources */,
				3088BBC0154F3926009F9C59 /* Default-Portrait~ipad.png in Resources */,
				7E7966DE1810823500FA85AD /* icon-40.png in Resources */,
				3088BBC1154F3926009F9C59 /* Default@2x~iphone.png in Resources */,
				7E7966E21810823500FA85AD /* icon-60.png in Resources */,
				3088BBC2154F3926009F9C59 /* Default~iphone.png in Resources */,
				D4A0D8761607E02300AEF8BB /* Default-568h@2x~iphone.png in Resources */,
				7E7966E11810823500FA85AD /* icon-50@2x.png in Resources */,
				7E7966E51810823500FA85AD /* icon-76@2x.png in Resources */,
				30FC414916E50CA1004E6F35 /* icon-72@2x.png in Resources */,
				E5341CB19EDA493FAEF3949D /* DatePicker.xib in Resources */,
				6027ED4FF3D94EF8B6DB4C24 /* CDVNotification.bundle in Resources */,
				DCD20E510ACF4669A4FBD98D /* FacebookSDKResources.bundle in Resources */,
				FE53873AB12C42E8BD71A17B /* FBUserSettingsViewResources.bundle in Resources */,
			);
			runOnlyForDeploymentPostprocessing = 0;
		};
/* End PBXResourcesBuildPhase section */

/* Begin PBXShellScriptBuildPhase section */
		304B58A110DAC018002A0835 /* Copy www directory */ = {
			isa = PBXShellScriptBuildPhase;
			buildActionMask = 2147483647;
			files = (
			);
			inputPaths = (
			);
			name = "Copy www directory";
			outputPaths = (
			);
			runOnlyForDeploymentPostprocessing = 0;
			shellPath = /bin/sh;
			shellScript = "cordova/lib/copy-www-build-step.sh";
			showEnvVarsInLog = 0;
		};
/* End PBXShellScriptBuildPhase section */

/* Begin PBXSourcesBuildPhase section */
		1D60588E0D05DD3D006BFB54 /* Sources */ = {
			isa = PBXSourcesBuildPhase;
			buildActionMask = 2147483647;
			files = (
				1D60589B0D05DD56006BFB54 /* main.m in Sources */,
				1D3623260D0F684500981E51 /* AppDelegate.m in Sources */,
				302D95F114D2391D003F00A1 /* MainViewController.m in Sources */,
				0D0600FD45964F5F8A837E84 /* GAPlugin.m in Sources */,
				0E5ECD2D847D4CFA929519A3 /* DatePicker.m in Sources */,
				59BA650E643F460C8B95C1E6 /* Toast+UIView.m in Sources */,
				C58401F9AC304131A45801D8 /* Toast.m in Sources */,
				6A73B10A709F4F7484174DCF /* CDVDevice.m in Sources */,
				DFB07A3481CC4A5893051D86 /* CDVNotification.m in Sources */,
				BDC18F3CB88B4E308A0676B2 /* CDVInAppBrowser.m in Sources */,
				53CAD7E8D16E497C9FDA3B56 /* CDVConnection.m in Sources */,
				BDA07EDFBA3543E69AFB0EE4 /* CDVReachability.m in Sources */,
				414B5DB8811E43F29DA307E0 /* CDVSplashScreen.m in Sources */,
				60CE469081D6473B8F1764D8 /* AppDelegate+notification.m in Sources */,
				A5D3BCB250ED4E639DFFB114 /* PushPlugin.m in Sources */,
			);
			runOnlyForDeploymentPostprocessing = 0;
		};
/* End PBXSourcesBuildPhase section */

/* Begin PBXTargetDependency section */
		301BF551109A68C00062928A /* PBXTargetDependency */ = {
			isa = PBXTargetDependency;
			name = CordovaLib;
			targetProxy = 301BF550109A68C00062928A /* PBXContainerItemProxy */;
		};
/* End PBXTargetDependency section */

/* Begin PBXVariantGroup section */
		1F766FDC13BBADB100FB74C0 /* Localizable.strings */ = {
			isa = PBXVariantGroup;
			children = (
				1F766FDD13BBADB100FB74C0 /* en */,
			);
			name = Localizable.strings;
			sourceTree = "<group>";
		};
		1F766FDF13BBADB100FB74C0 /* Localizable.strings */ = {
			isa = PBXVariantGroup;
			children = (
				1F766FE013BBADB100FB74C0 /* es */,
			);
			name = Localizable.strings;
			sourceTree = "<group>";
		};
		30A0434314DC770100060A13 /* Localizable.strings */ = {
			isa = PBXVariantGroup;
			children = (
				30A0434414DC770100060A13 /* de */,
			);
			name = Localizable.strings;
			sourceTree = "<group>";
		};
		30A0434614DC770100060A13 /* Localizable.strings */ = {
			isa = PBXVariantGroup;
			children = (
				30A0434714DC770100060A13 /* se */,
			);
			name = Localizable.strings;
			sourceTree = "<group>";
		};
/* End PBXVariantGroup section */

/* Begin XCBuildConfiguration section */
		1D6058940D05DD3E006BFB54 /* Debug */ = {
			isa = XCBuildConfiguration;
			buildSettings = {
				ALWAYS_SEARCH_USER_PATHS = NO;
				CLANG_ENABLE_OBJC_ARC = YES;
				CODE_SIGN_IDENTITY = "iPhone Distribution: PIMOD SRL (C6X8LD6G28)";
				COPY_PHASE_STRIP = NO;
				GCC_DYNAMIC_NO_PIC = NO;
				GCC_OPTIMIZATION_LEVEL = 0;
				GCC_PRECOMPILE_PREFIX_HEADER = YES;
				GCC_PREFIX_HEADER = "Ideas para hoy/Ideas para hoy-Prefix.pch";
				GCC_THUMB_SUPPORT = NO;
				GCC_VERSION = "";
				INFOPLIST_FILE = "Ideas para hoy/Ideas para hoy-Info.plist";
				IPHONEOS_DEPLOYMENT_TARGET = 6.0;
				LIBRARY_SEARCH_PATHS = (
					"$(inherited)",
					"\"$(SRCROOT)/Ideas para hoy/Plugins/com.adobe.plugins.GAPlugin\"",
					"\"$(SRCROOT)/Ideas para hoy/Plugins/com.phonegap.plugins.facebookconnect\"",
				);
				OTHER_LDFLAGS = (
					"-weak_framework",
					CoreFoundation,
					"-weak_framework",
					UIKit,
					"-weak_framework",
					AVFoundation,
					"-weak_framework",
					CoreMedia,
					"-weak-lSystem",
					"-force_load",
					"\"$(BUILT_PRODUCTS_DIR)/libCordova.a\"",
					"-ObjC",
				);
				PRODUCT_NAME = "Ideas para hoy";
				PROVISIONING_PROFILE = "249FB1A0-01F9-4A22-97E6-C49BC9CC3C64";
				TARGETED_DEVICE_FAMILY = "1,2";
			};
			name = Debug;
		};
		1D6058950D05DD3E006BFB54 /* Release */ = {
			isa = XCBuildConfiguration;
			buildSettings = {
				ALWAYS_SEARCH_USER_PATHS = NO;
				CLANG_ENABLE_OBJC_ARC = YES;
				CODE_SIGN_IDENTITY = "iPhone Distribution: PIMOD SRL (C6X8LD6G28)";
				COPY_PHASE_STRIP = YES;
				GCC_PRECOMPILE_PREFIX_HEADER = YES;
				GCC_PREFIX_HEADER = "Ideas para hoy/Ideas para hoy-Prefix.pch";
				GCC_THUMB_SUPPORT = NO;
				GCC_VERSION = "";
				INFOPLIST_FILE = "Ideas para hoy/Ideas para hoy-Info.plist";
				IPHONEOS_DEPLOYMENT_TARGET = 6.0;
				LIBRARY_SEARCH_PATHS = (
					"$(inherited)",
					"\"$(SRCROOT)/Ideas para hoy/Plugins/com.adobe.plugins.GAPlugin\"",
					"\"$(SRCROOT)/Ideas para hoy/Plugins/com.phonegap.plugins.facebookconnect\"",
				);
				OTHER_LDFLAGS = (
					"-weak_framework",
					CoreFoundation,
					"-weak_framework",
					UIKit,
					"-weak_framework",
					AVFoundation,
					"-weak_framework",
					CoreMedia,
					"-weak-lSystem",
					"-force_load",
					"\"$(BUILT_PRODUCTS_DIR)/libCordova.a\"",
					"-ObjC",
				);
				PRODUCT_NAME = "Ideas para hoy";
				PROVISIONING_PROFILE = "249FB1A0-01F9-4A22-97E6-C49BC9CC3C64";
				TARGETED_DEVICE_FAMILY = "1,2";
			};
			name = Release;
		};
		C01FCF4F08A954540054247B /* Debug */ = {
			isa = XCBuildConfiguration;
			buildSettings = {
				CLANG_ENABLE_OBJC_ARC = YES;
				CLANG_WARN_BOOL_CONVERSION = YES;
				CLANG_WARN_CONSTANT_CONVERSION = YES;
				CLANG_WARN_EMPTY_BODY = YES;
				CLANG_WARN_ENUM_CONVERSION = YES;
				CLANG_WARN_INT_CONVERSION = YES;
				CLANG_WARN__DUPLICATE_METHOD_MATCH = YES;
				"CODE_SIGN_IDENTITY[sdk=iphoneos*]" = "iPhone Developer";
				GCC_C_LANGUAGE_STANDARD = c99;
				GCC_THUMB_SUPPORT = NO;
				GCC_VERSION = "";
				GCC_WARN_ABOUT_RETURN_TYPE = YES;
				GCC_WARN_UNDECLARED_SELECTOR = YES;
				GCC_WARN_UNINITIALIZED_AUTOS = YES;
				GCC_WARN_UNUSED_FUNCTION = YES;
				GCC_WARN_UNUSED_VARIABLE = YES;
				HEADER_SEARCH_PATHS = (
					"\"$(TARGET_BUILD_DIR)/usr/local/lib/include\"",
					"\"$(OBJROOT)/UninstalledProducts/include\"",
					"\"$(BUILT_PRODUCTS_DIR)\"",
				);
				IPHONEOS_DEPLOYMENT_TARGET = 6.0;
				ONLY_ACTIVE_ARCH = YES;
				OTHER_LDFLAGS = (
					"-weak_framework",
					CoreFoundation,
					"-weak_framework",
					UIKit,
					"-weak_framework",
					AVFoundation,
					"-weak_framework",
					CoreMedia,
					"-weak-lSystem",
					"-force_load",
					"\"$(BUILT_PRODUCTS_DIR)/libCordova.a\"",
					"-ObjC",
				);
				SDKROOT = iphoneos;
				SKIP_INSTALL = NO;
				USER_HEADER_SEARCH_PATHS = "";
			};
			name = Debug;
		};
		C01FCF5008A954540054247B /* Release */ = {
			isa = XCBuildConfiguration;
			buildSettings = {
				CLANG_ENABLE_OBJC_ARC = YES;
				CLANG_WARN_BOOL_CONVERSION = YES;
				CLANG_WARN_CONSTANT_CONVERSION = YES;
				CLANG_WARN_EMPTY_BODY = YES;
				CLANG_WARN_ENUM_CONVERSION = YES;
				CLANG_WARN_INT_CONVERSION = YES;
				CLANG_WARN__DUPLICATE_METHOD_MATCH = YES;
				"CODE_SIGN_IDENTITY[sdk=iphoneos*]" = "iPhone Developer";
				GCC_C_LANGUAGE_STANDARD = c99;
				GCC_THUMB_SUPPORT = NO;
				GCC_VERSION = "";
				GCC_WARN_ABOUT_RETURN_TYPE = YES;
				GCC_WARN_UNDECLARED_SELECTOR = YES;
				GCC_WARN_UNINITIALIZED_AUTOS = YES;
				GCC_WARN_UNUSED_FUNCTION = YES;
				GCC_WARN_UNUSED_VARIABLE = YES;
				HEADER_SEARCH_PATHS = (
					"\"$(TARGET_BUILD_DIR)/usr/local/lib/include\"",
					"\"$(OBJROOT)/UninstalledProducts/include\"",
					"\"$(BUILT_PRODUCTS_DIR)\"",
				);
				IPHONEOS_DEPLOYMENT_TARGET = 6.0;
				OTHER_LDFLAGS = (
					"-weak_framework",
					CoreFoundation,
					"-weak_framework",
					UIKit,
					"-weak_framework",
					AVFoundation,
					"-weak_framework",
					CoreMedia,
					"-weak-lSystem",
					"-force_load",
					"\"$(BUILT_PRODUCTS_DIR)/libCordova.a\"",
					"-ObjC",
				);
				SDKROOT = iphoneos;
				SKIP_INSTALL = NO;
				USER_HEADER_SEARCH_PATHS = "";
			};
			name = Release;
		};
/* End XCBuildConfiguration section */

/* Begin XCConfigurationList section */
		1D6058960D05DD3E006BFB54 /* Build configuration list for PBXNativeTarget "Ideas para hoy" */ = {
			isa = XCConfigurationList;
			buildConfigurations = (
				1D6058940D05DD3E006BFB54 /* Debug */,
				1D6058950D05DD3E006BFB54 /* Release */,
			);
			defaultConfigurationIsVisible = 0;
			defaultConfigurationName = Release;
		};
		C01FCF4E08A954540054247B /* Build configuration list for PBXProject "Ideas para hoy" */ = {
			isa = XCConfigurationList;
			buildConfigurations = (
				C01FCF4F08A954540054247B /* Debug */,
				C01FCF5008A954540054247B /* Release */,
			);
			defaultConfigurationIsVisible = 0;
			defaultConfigurationName = Release;
		};
/* End XCConfigurationList section */
	};
	rootObject = 29B97313FDCFA39411CA2CEA /* Project object */;
}
